// !$*UTF8*$!
{
	archiveVersion = 1;
	classes = {
	};
	objectVersion = 50;
	objects = {

/* Begin PBXBuildFile section */
		62A9FCEB2621F6D3006EC5C4 /* AppDelegate.swift in Sources */ = {isa = PBXBuildFile; fileRef = 62A9FCEA2621F6D3006EC5C4 /* AppDelegate.swift */; };
		62A9FCED2621F6D3006EC5C4 /* SceneDelegate.swift in Sources */ = {isa = PBXBuildFile; fileRef = 62A9FCEC2621F6D3006EC5C4 /* SceneDelegate.swift */; };
		62A9FCEF2621F6D3006EC5C4 /* ViewController.swift in Sources */ = {isa = PBXBuildFile; fileRef = 62A9FCEE2621F6D3006EC5C4 /* ViewController.swift */; };
		62A9FCF22621F6D3006EC5C4 /* Main.storyboard in Resources */ = {isa = PBXBuildFile; fileRef = 62A9FCF02621F6D3006EC5C4 /* Main.storyboard */; };
		62A9FCF42621F6D4006EC5C4 /* Assets.xcassets in Resources */ = {isa = PBXBuildFile; fileRef = 62A9FCF32621F6D4006EC5C4 /* Assets.xcassets */; };
		62A9FCF72621F6D4006EC5C4 /* LaunchScreen.storyboard in Resources */ = {isa = PBXBuildFile; fileRef = 62A9FCF52621F6D4006EC5C4 /* LaunchScreen.storyboard */; };
		62A9FD022621F6D5006EC5C4 /* WorkDateTests.swift in Sources */ = {isa = PBXBuildFile; fileRef = 62A9FD012621F6D5006EC5C4 /* WorkDateTests.swift */; };
		62A9FD0D2621F6D5006EC5C4 /* WorkDateUITests.swift in Sources */ = {isa = PBXBuildFile; fileRef = 62A9FD0C2621F6D5006EC5C4 /* WorkDateUITests.swift */; };
/* End PBXBuildFile section */

/* Begin PBXContainerItemProxy section */
		62A9FCFE2621F6D4006EC5C4 /* PBXContainerItemProxy */ = {
			isa = PBXContainerItemProxy;
			containerPortal = 62A9FCDF2621F6D3006EC5C4 /* Project object */;
			proxyType = 1;
			remoteGlobalIDString = 62A9FCE62621F6D3006EC5C4;
			remoteInfo = WorkDate;
		};
		62A9FD092621F6D5006EC5C4 /* PBXContainerItemProxy */ = {
			isa = PBXContainerItemProxy;
			containerPortal = 62A9FCDF2621F6D3006EC5C4 /* Project object */;
			proxyType = 1;
			remoteGlobalIDString = 62A9FCE62621F6D3006EC5C4;
			remoteInfo = WorkDate;
		};
/* End PBXContainerItemProxy section */

/* Begin PBXFileReference section */
		62A9FCE72621F6D3006EC5C4 /* WorkDate.app */ = {isa = PBXFileReference; explicitFileType = wrapper.application; includeInIndex = 0; path = WorkDate.app; sourceTree = BUILT_PRODUCTS_DIR; };
		62A9FCEA2621F6D3006EC5C4 /* AppDelegate.swift */ = {isa = PBXFileReference; lastKnownFileType = sourcecode.swift; path = AppDelegate.swift; sourceTree = "<group>"; };
		62A9FCEC2621F6D3006EC5C4 /* SceneDelegate.swift */ = {isa = PBXFileReference; lastKnownFileType = sourcecode.swift; path = SceneDelegate.swift; sourceTree = "<group>"; };
		62A9FCEE2621F6D3006EC5C4 /* ViewController.swift */ = {isa = PBXFileReference; lastKnownFileType = sourcecode.swift; path = ViewController.swift; sourceTree = "<group>"; };
		62A9FCF12621F6D3006EC5C4 /* Base */ = {isa = PBXFileReference; lastKnownFileType = file.storyboard; name = Base; path = Base.lproj/Main.storyboard; sourceTree = "<group>"; };
		62A9FCF32621F6D4006EC5C4 /* Assets.xcassets */ = {isa = PBXFileReference; lastKnownFileType = folder.assetcatalog; path = Assets.xcassets; sourceTree = "<group>"; };
		62A9FCF62621F6D4006EC5C4 /* Base */ = {isa = PBXFileReference; lastKnownFileType = file.storyboard; name = Base; path = Base.lproj/LaunchScreen.storyboard; sourceTree = "<group>"; };
		62A9FCF82621F6D4006EC5C4 /* Info.plist */ = {isa = PBXFileReference; lastKnownFileType = text.plist.xml; path = Info.plist; sourceTree = "<group>"; };
		62A9FCFD2621F6D4006EC5C4 /* WorkDateTests.xctest */ = {isa = PBXFileReference; explicitFileType = wrapper.cfbundle; includeInIndex = 0; path = WorkDateTests.xctest; sourceTree = BUILT_PRODUCTS_DIR; };
		62A9FD012621F6D5006EC5C4 /* WorkDateTests.swift */ = {isa = PBXFileReference; lastKnownFileType = sourcecode.swift; path = WorkDateTests.swift; sourceTree = "<group>"; };
		62A9FD032621F6D5006EC5C4 /* Info.plist */ = {isa = PBXFileReference; lastKnownFileType = text.plist.xml; path = Info.plist; sourceTree = "<group>"; };
		62A9FD082621F6D5006EC5C4 /* WorkDateUITests.xctest */ = {isa = PBXFileReference; explicitFileType = wrapper.cfbundle; includeInIndex = 0; path = WorkDateUITests.xctest; sourceTree = BUILT_PRODUCTS_DIR; };
		62A9FD0C2621F6D5006EC5C4 /* WorkDateUITests.swift */ = {isa = PBXFileReference; lastKnownFileType = sourcecode.swift; path = WorkDateUITests.swift; sourceTree = "<group>"; };
		62A9FD0E2621F6D5006EC5C4 /* Info.plist */ = {isa = PBXFileReference; lastKnownFileType = text.plist.xml; path = Info.plist; sourceTree = "<group>"; };
/* End PBXFileReference section */

/* Begin PBXFrameworksBuildPhase section */
		62A9FCE42621F6D3006EC5C4 /* Frameworks */ = {
			isa = PBXFrameworksBuildPhase;
			buildActionMask = 2147483647;
			files = (
			);
			runOnlyForDeploymentPostprocessing = 0;
		};
		62A9FCFA2621F6D4006EC5C4 /* Frameworks */ = {
			isa = PBXFrameworksBuildPhase;
			buildActionMask = 2147483647;
			files = (
			);
			runOnlyForDeploymentPostprocessing = 0;
		};
		62A9FD052621F6D5006EC5C4 /* Frameworks */ = {
			isa = PBXFrameworksBuildPhase;
			buildActionMask = 2147483647;
			files = (
			);
			runOnlyForDeploymentPostprocessing = 0;
		};
/* End PBXFrameworksBuildPhase section */

/* Begin PBXGroup section */
		62A9FCDE2621F6D3006EC5C4 = {
			isa = PBXGroup;
			children = (
				62A9FCE92621F6D3006EC5C4 /* WorkDate */,
				62A9FD002621F6D5006EC5C4 /* WorkDateTests */,
				62A9FD0B2621F6D5006EC5C4 /* WorkDateUITests */,
				62A9FCE82621F6D3006EC5C4 /* Products */,
			);
			sourceTree = "<group>";
		};
		62A9FCE82621F6D3006EC5C4 /* Products */ = {
			isa = PBXGroup;
			children = (
				62A9FCE72621F6D3006EC5C4 /* WorkDate.app */,
				62A9FCFD2621F6D4006EC5C4 /* WorkDateTests.xctest */,
				62A9FD082621F6D5006EC5C4 /* WorkDateUITests.xctest */,
			);
			name = Products;
			sourceTree = "<group>";
		};
		62A9FCE92621F6D3006EC5C4 /* WorkDate */ = {
			isa = PBXGroup;
			children = (
				62A9FCEA2621F6D3006EC5C4 /* AppDelegate.swift */,
				62A9FCEC2621F6D3006EC5C4 /* SceneDelegate.swift */,
				62A9FCEE2621F6D3006EC5C4 /* ViewController.swift */,
				62A9FCF02621F6D3006EC5C4 /* Main.storyboard */,
				62A9FCF32621F6D4006EC5C4 /* Assets.xcassets */,
				62A9FCF52621F6D4006EC5C4 /* LaunchScreen.storyboard */,
				62A9FCF82621F6D4006EC5C4 /* Info.plist */,
			);
			path = WorkDate;
			sourceTree = "<group>";
		};
		62A9FD002621F6D5006EC5C4 /* WorkDateTests */ = {
			isa = PBXGroup;
			children = (
				62A9FD012621F6D5006EC5C4 /* WorkDateTests.swift */,
				62A9FD032621F6D5006EC5C4 /* Info.plist */,
			);
			path = WorkDateTests;
			sourceTree = "<group>";
		};
		62A9FD0B2621F6D5006EC5C4 /* WorkDateUITests */ = {
			isa = PBXGroup;
			children = (
				62A9FD0C2621F6D5006EC5C4 /* WorkDateUITests.swift */,
				62A9FD0E2621F6D5006EC5C4 /* Info.plist */,
			);
			path = WorkDateUITests;
			sourceTree = "<group>";
		};
/* End PBXGroup section */

/* Begin PBXNativeTarget section */
		62A9FCE62621F6D3006EC5C4 /* WorkDate */ = {
			isa = PBXNativeTarget;
			buildConfigurationList = 62A9FD112621F6D5006EC5C4 /* Build configuration list for PBXNativeTarget "WorkDate" */;
			buildPhases = (
				62A9FCE32621F6D3006EC5C4 /* Sources */,
				62A9FCE42621F6D3006EC5C4 /* Frameworks */,
				62A9FCE52621F6D3006EC5C4 /* Resources */,
			);
			buildRules = (
			);
			dependencies = (
			);
			name = WorkDate;
			productName = WorkDate;
			productReference = 62A9FCE72621F6D3006EC5C4 /* WorkDate.app */;
			productType = "com.apple.product-type.application";
		};
		62A9FCFC2621F6D4006EC5C4 /* WorkDateTests */ = {
			isa = PBXNativeTarget;
			buildConfigurationList = 62A9FD142621F6D5006EC5C4 /* Build configuration list for PBXNativeTarget "WorkDateTests" */;
			buildPhases = (
				62A9FCF92621F6D4006EC5C4 /* Sources */,
				62A9FCFA2621F6D4006EC5C4 /* Frameworks */,
				62A9FCFB2621F6D4006EC5C4 /* Resources */,
			);
			buildRules = (
			);
			dependencies = (
				62A9FCFF2621F6D4006EC5C4 /* PBXTargetDependency */,
			);
			name = WorkDateTests;
			productName = WorkDateTests;
			productReference = 62A9FCFD2621F6D4006EC5C4 /* WorkDateTests.xctest */;
			productType = "com.apple.product-type.bundle.unit-test";
		};
		62A9FD072621F6D5006EC5C4 /* WorkDateUITests */ = {
			isa = PBXNativeTarget;
			buildConfigurationList = 62A9FD172621F6D5006EC5C4 /* Build configuration list for PBXNativeTarget "WorkDateUITests" */;
			buildPhases = (
				62A9FD042621F6D5006EC5C4 /* Sources */,
				62A9FD052621F6D5006EC5C4 /* Frameworks */,
				62A9FD062621F6D5006EC5C4 /* Resources */,
			);
			buildRules = (
			);
			dependencies = (
				62A9FD0A2621F6D5006EC5C4 /* PBXTargetDependency */,
			);
			name = WorkDateUITests;
			productName = WorkDateUITests;
			productReference = 62A9FD082621F6D5006EC5C4 /* WorkDateUITests.xctest */;
			productType = "com.apple.product-type.bundle.ui-testing";
		};
/* End PBXNativeTarget section */

/* Begin PBXProject section */
		62A9FCDF2621F6D3006EC5C4 /* Project object */ = {
			isa = PBXProject;
			attributes = {
				LastSwiftUpdateCheck = 1220;
				LastUpgradeCheck = 1220;
				TargetAttributes = {
					62A9FCE62621F6D3006EC5C4 = {
						CreatedOnToolsVersion = 12.2;
					};
					62A9FCFC2621F6D4006EC5C4 = {
						CreatedOnToolsVersion = 12.2;
						TestTargetID = 62A9FCE62621F6D3006EC5C4;
					};
					62A9FD072621F6D5006EC5C4 = {
						CreatedOnToolsVersion = 12.2;
						TestTargetID = 62A9FCE62621F6D3006EC5C4;
					};
				};
			};
			buildConfigurationList = 62A9FCE22621F6D3006EC5C4 /* Build configuration list for PBXProject "WorkDate" */;
			compatibilityVersion = "Xcode 9.3";
			developmentRegion = en;
			hasScannedForEncodings = 0;
			knownRegions = (
				en,
				Base,
			);
			mainGroup = 62A9FCDE2621F6D3006EC5C4;
			productRefGroup = 62A9FCE82621F6D3006EC5C4 /* Products */;
			projectDirPath = "";
			projectRoot = "";
			targets = (
				62A9FCE62621F6D3006EC5C4 /* WorkDate */,
				62A9FCFC2621F6D4006EC5C4 /* WorkDateTests */,
				62A9FD072621F6D5006EC5C4 /* WorkDateUITests */,
			);
		};
/* End PBXProject section */

/* Begin PBXResourcesBuildPhase section */
		62A9FCE52621F6D3006EC5C4 /* Resources */ = {
			isa = PBXResourcesBuildPhase;
			buildActionMask = 2147483647;
			files = (
				62A9FCF72621F6D4006EC5C4 /* LaunchScreen.storyboard in Resources */,
				62A9FCF42621F6D4006EC5C4 /* Assets.xcassets in Resources */,
				62A9FCF22621F6D3006EC5C4 /* Main.storyboard in Resources */,
			);
			runOnlyForDeploymentPostprocessing = 0;
		};
		62A9FCFB2621F6D4006EC5C4 /* Resources */ = {
			isa = PBXResourcesBuildPhase;
			buildActionMask = 2147483647;
			files = (
			);
			runOnlyForDeploymentPostprocessing = 0;
		};
		62A9FD062621F6D5006EC5C4 /* Resources */ = {
			isa = PBXResourcesBuildPhase;
			buildActionMask = 2147483647;
			files = (
			);
			runOnlyForDeploymentPostprocessing = 0;
		};
/* End PBXResourcesBuildPhase section */

/* Begin PBXSourcesBuildPhase section */
		62A9FCE32621F6D3006EC5C4 /* Sources */ = {
			isa = PBXSourcesBuildPhase;
			buildActionMask = 2147483647;
			files = (
				62A9FCEF2621F6D3006EC5C4 /* ViewController.swift in Sources */,
				62A9FCEB2621F6D3006EC5C4 /* AppDelegate.swift in Sources */,
				62A9FCED2621F6D3006EC5C4 /* SceneDelegate.swift in Sources */,
			);
			runOnlyForDeploymentPostprocessing = 0;
		};
		62A9FCF92621F6D4006EC5C4 /* Sources */ = {
			isa = PBXSourcesBuildPhase;
			buildActionMask = 2147483647;
			files = (
				62A9FD022621F6D5006EC5C4 /* WorkDateTests.swift in Sources */,
			);
			runOnlyForDeploymentPostprocessing = 0;
		};
		62A9FD042621F6D5006EC5C4 /* Sources */ = {
			isa = PBXSourcesBuildPhase;
			buildActionMask = 2147483647;
			files = (
				62A9FD0D2621F6D5006EC5C4 /* WorkDateUITests.swift in Sources */,
			);
			runOnlyForDeploymentPostprocessing = 0;
		};
/* End PBXSourcesBuildPhase section */

/* Begin PBXTargetDependency section */
		62A9FCFF2621F6D4006EC5C4 /* PBXTargetDependency */ = {
			isa = PBXTargetDependency;
			target = 62A9FCE62621F6D3006EC5C4 /* WorkDate */;
			targetProxy = 62A9FCFE2621F6D4006EC5C4 /* PBXContainerItemProxy */;
		};
		62A9FD0A2621F6D5006EC5C4 /* PBXTargetDependency */ = {
			isa = PBXTargetDependency;
			target = 62A9FCE62621F6D3006EC5C4 /* WorkDate */;
			targetProxy = 62A9FD092621F6D5006EC5C4 /* PBXContainerItemProxy */;
		};
/* End PBXTargetDependency section */

/* Begin PBXVariantGroup section */
		62A9FCF02621F6D3006EC5C4 /* Main.storyboard */ = {
			isa = PBXVariantGroup;
			children = (
				62A9FCF12621F6D3006EC5C4 /* Base */,
			);
			name = Main.storyboard;
			sourceTree = "<group>";
		};
		62A9FCF52621F6D4006EC5C4 /* LaunchScreen.storyboard */ = {
			isa = PBXVariantGroup;
			children = (
				62A9FCF62621F6D4006EC5C4 /* Base */,
			);
			name = LaunchScreen.storyboard;
			sourceTree = "<group>";
		};
/* End PBXVariantGroup section */

/* Begin XCBuildConfiguration section */
		62A9FD0F2621F6D5006EC5C4 /* Debug */ = {
			isa = XCBuildConfiguration;
			buildSettings = {
				ALWAYS_SEARCH_USER_PATHS = NO;
				CLANG_ANALYZER_NONNULL = YES;
				CLANG_ANALYZER_NUMBER_OBJECT_CONVERSION = YES_AGGRESSIVE;
				CLANG_CXX_LANGUAGE_STANDARD = "gnu++14";
				CLANG_CXX_LIBRARY = "libc++";
				CLANG_ENABLE_MODULES = YES;
				CLANG_ENABLE_OBJC_ARC = YES;
				CLANG_ENABLE_OBJC_WEAK = YES;
				CLANG_WARN_BLOCK_CAPTURE_AUTORELEASING = YES;
				CLANG_WARN_BOOL_CONVERSION = YES;
				CLANG_WARN_COMMA = YES;
				CLANG_WARN_CONSTANT_CONVERSION = YES;
				CLANG_WARN_DEPRECATED_OBJC_IMPLEMENTATIONS = YES;
				CLANG_WARN_DIRECT_OBJC_ISA_USAGE = YES_ERROR;
				CLANG_WARN_DOCUMENTATION_COMMENTS = YES;
				CLANG_WARN_EMPTY_BODY = YES;
				CLANG_WARN_ENUM_CONVERSION = YES;
				CLANG_WARN_INFINITE_RECURSION = YES;
				CLANG_WARN_INT_CONVERSION = YES;
				CLANG_WARN_NON_LITERAL_NULL_CONVERSION = YES;
				CLANG_WARN_OBJC_IMPLICIT_RETAIN_SELF = YES;
				CLANG_WARN_OBJC_LITERAL_CONVERSION = YES;
				CLANG_WARN_OBJC_ROOT_CLASS = YES_ERROR;
				CLANG_WARN_QUOTED_INCLUDE_IN_FRAMEWORK_HEADER = YES;
				CLANG_WARN_RANGE_LOOP_ANALYSIS = YES;
				CLANG_WARN_STRICT_PROTOTYPES = YES;
				CLANG_WARN_SUSPICIOUS_MOVE = YES;
				CLANG_WARN_UNGUARDED_AVAILABILITY = YES_AGGRESSIVE;
				CLANG_WARN_UNREACHABLE_CODE = YES;
				CLANG_WARN__DUPLICATE_METHOD_MATCH = YES;
				COPY_PHASE_STRIP = NO;
				DEBUG_INFORMATION_FORMAT = dwarf;
				ENABLE_STRICT_OBJC_MSGSEND = YES;
				ENABLE_TESTABILITY = YES;
				GCC_C_LANGUAGE_STANDARD = gnu11;
				GCC_DYNAMIC_NO_PIC = NO;
				GCC_NO_COMMON_BLOCKS = YES;
				GCC_OPTIMIZATION_LEVEL = 0;
				GCC_PREPROCESSOR_DEFINITIONS = (
					"DEBUG=1",
					"$(inherited)",
				);
				GCC_WARN_64_TO_32_BIT_CONVERSION = YES;
				GCC_WARN_ABOUT_RETURN_TYPE = YES_ERROR;
				GCC_WARN_UNDECLARED_SELECTOR = YES;
				GCC_WARN_UNINITIALIZED_AUTOS = YES_AGGRESSIVE;
				GCC_WARN_UNUSED_FUNCTION = YES;
				GCC_WARN_UNUSED_VARIABLE = YES;
				IPHONEOS_DEPLOYMENT_TARGET = 14.2;
				MTL_ENABLE_DEBUG_INFO = INCLUDE_SOURCE;
				MTL_FAST_MATH = YES;
				ONLY_ACTIVE_ARCH = YES;
				SDKROOT = iphoneos;
				SWIFT_ACTIVE_COMPILATION_CONDITIONS = DEBUG;
				SWIFT_OPTIMIZATION_LEVEL = "-Onone";
			};
			name = Debug;
		};
		62A9FD102621F6D5006EC5C4 /* Release */ = {
			isa = XCBuildConfiguration;
			buildSettings = {
				ALWAYS_SEARCH_USER_PATHS = NO;
				CLANG_ANALYZER_NONNULL = YES;
				CLANG_ANALYZER_NUMBER_OBJECT_CONVERSION = YES_AGGRESSIVE;
				CLANG_CXX_LANGUAGE_STANDARD = "gnu++14";
				CLANG_CXX_LIBRARY = "libc++";
				CLANG_ENABLE_MODULES = YES;
				CLANG_ENABLE_OBJC_ARC = YES;
				CLANG_ENABLE_OBJC_WEAK = YES;
				CLANG_WARN_BLOCK_CAPTURE_AUTORELEASING = YES;
				CLANG_WARN_BOOL_CONVERSION = YES;
				CLANG_WARN_COMMA = YES;
				CLANG_WARN_CONSTANT_CONVERSION = YES;
				CLANG_WARN_DEPRECATED_OBJC_IMPLEMENTATIONS = YES;
				CLANG_WARN_DIRECT_OBJC_ISA_USAGE = YES_ERROR;
				CLANG_WARN_DOCUMENTATION_COMMENTS = YES;
				CLANG_WARN_EMPTY_BODY = YES;
				CLANG_WARN_ENUM_CONVERSION = YES;
				CLANG_WARN_INFINITE_RECURSION = YES;
				CLANG_WARN_INT_CONVERSION = YES;
				CLANG_WARN_NON_LITERAL_NULL_CONVERSION = YES;
				CLANG_WARN_OBJC_IMPLICIT_RETAIN_SELF = YES;
				CLANG_WARN_OBJC_LITERAL_CONVERSION = YES;
				CLANG_WARN_OBJC_ROOT_CLASS = YES_ERROR;
				CLANG_WARN_QUOTED_INCLUDE_IN_FRAMEWORK_HEADER = YES;
				CLANG_WARN_RANGE_LOOP_ANALYSIS = YES;
				CLANG_WARN_STRICT_PROTOTYPES = YES;
				CLANG_WARN_SUSPICIOUS_MOVE = YES;
				CLANG_WARN_UNGUARDED_AVAILABILITY = YES_AGGRESSIVE;
				CLANG_WARN_UNREACHABLE_CODE = YES;
				CLANG_WARN__DUPLICATE_METHOD_MATCH = YES;
				COPY_PHASE_STRIP = NO;
				DEBUG_INFORMATION_FORMAT = "dwarf-with-dsym";
				ENABLE_NS_ASSERTIONS = NO;
				ENABLE_STRICT_OBJC_MSGSEND = YES;
				GCC_C_LANGUAGE_STANDARD = gnu11;
				GCC_NO_COMMON_BLOCKS = YES;
				GCC_WARN_64_TO_32_BIT_CONVERSION = YES;
				GCC_WARN_ABOUT_RETURN_TYPE = YES_ERROR;
				GCC_WARN_UNDECLARED_SELECTOR = YES;
				GCC_WARN_UNINITIALIZED_AUTOS = YES_AGGRESSIVE;
				GCC_WARN_UNUSED_FUNCTION = YES;
				GCC_WARN_UNUSED_VARIABLE = YES;
				IPHONEOS_DEPLOYMENT_TARGET = 14.2;
				MTL_ENABLE_DEBUG_INFO = NO;
				MTL_FAST_MATH = YES;
				SDKROOT = iphoneos;
				SWIFT_COMPILATION_MODE = wholemodule;
				SWIFT_OPTIMIZATION_LEVEL = "-O";
				VALIDATE_PRODUCT = YES;
			};
			name = Release;
		};
		62A9FD122621F6D5006EC5C4 /* Debug */ = {
			isa = XCBuildConfiguration;
			buildSettings = {
				ASSETCATALOG_COMPILER_APPICON_NAME = AppIcon;
				ASSETCATALOG_COMPILER_GLOBAL_ACCENT_COLOR_NAME = AccentColor;
				CODE_SIGN_STYLE = Automatic;
				DEVELOPMENT_TEAM = 4F3Z7B359Q;
				INFOPLIST_FILE = WorkDate/Info.plist;
				LD_RUNPATH_SEARCH_PATHS = (
					"$(inherited)",
					"@executable_path/Frameworks",
				);
				PRODUCT_BUNDLE_IDENTIFIER = com.wlad.WorkDate;
				PRODUCT_NAME = "$(TARGET_NAME)";
				SWIFT_VERSION = 5.0;
				TARGETED_DEVICE_FAMILY = "1,2";
			};
			name = Debug;
		};
		62A9FD132621F6D5006EC5C4 /* Release */ = {
			isa = XCBuildConfiguration;
			buildSettings = {
				ASSETCATALOG_COMPILER_APPICON_NAME = AppIcon;
				ASSETCATALOG_COMPILER_GLOBAL_ACCENT_COLOR_NAME = AccentColor;
				CODE_SIGN_STYLE = Automatic;
				DEVELOPMENT_TEAM = 4F3Z7B359Q;
				INFOPLIST_FILE = WorkDate/Info.plist;
				LD_RUNPATH_SEARCH_PATHS = (
					"$(inherited)",
					"@executable_path/Frameworks",
				);
				PRODUCT_BUNDLE_IDENTIFIER = com.wlad.WorkDate;
				PRODUCT_NAME = "$(TARGET_NAME)";
				SWIFT_VERSION = 5.0;
				TARGETED_DEVICE_FAMILY = "1,2";
			};
			name = Release;
		};
		62A9FD152621F6D5006EC5C4 /* Debug */ = {
			isa = XCBuildConfiguration;
			buildSettings = {
				ALWAYS_EMBED_SWIFT_STANDARD_LIBRARIES = YES;
				BUNDLE_LOADER = "$(TEST_HOST)";
				CODE_SIGN_STYLE = Automatic;
				DEVELOPMENT_TEAM = 4F3Z7B359Q;
				INFOPLIST_FILE = WorkDateTests/Info.plist;
				IPHONEOS_DEPLOYMENT_TARGET = 14.2;
				LD_RUNPATH_SEARCH_PATHS = (
					"$(inherited)",
					"@executable_path/Frameworks",
					"@loader_path/Frameworks",
				);
				PRODUCT_BUNDLE_IDENTIFIER = com.wlad.WorkDateTests;
				PRODUCT_NAME = "$(TARGET_NAME)";
				SWIFT_VERSION = 5.0;
				TARGETED_DEVICE_FAMILY = "1,2";
				TEST_HOST = "$(BUILT_PRODUCTS_DIR)/WorkDate.app/WorkDate";
			};
			name = Debug;
		};
		62A9FD162621F6D5006EC5C4 /* Release */ = {
			isa = XCBuildConfiguration;
			buildSettings = {
				ALWAYS_EMBED_SWIFT_STANDARD_LIBRARIES = YES;
				BUNDLE_LOADER = "$(TEST_HOST)";
				CODE_SIGN_STYLE = Automatic;
				DEVELOPMENT_TEAM = 4F3Z7B359Q;
				INFOPLIST_FILE = WorkDateTests/Info.plist;
				IPHONEOS_DEPLOYMENT_TARGET = 14.2;
				LD_RUNPATH_SEARCH_PATHS = (
					"$(inherited)",
					"@executable_path/Frameworks",
					"@loader_path/Frameworks",
				);
				PRODUCT_BUNDLE_IDENTIFIER = com.wlad.WorkDateTests;
				PRODUCT_NAME = "$(TARGET_NAME)";
				SWIFT_VERSION = 5.0;
				TARGETED_DEVICE_FAMILY = "1,2";
				TEST_HOST = "$(BUILT_PRODUCTS_DIR)/WorkDate.app/WorkDate";
			};
			name = Release;
		};
		62A9FD182621F6D5006EC5C4 /* Debug */ = {
			isa = XCBuildConfiguration;
			buildSettings = {
				ALWAYS_EMBED_SWIFT_STANDARD_LIBRARIES = YES;
				CODE_SIGN_STYLE = Automatic;
				DEVELOPMENT_TEAM = 4F3Z7B359Q;
				INFOPLIST_FILE = WorkDateUITests/Info.plist;
				LD_RUNPATH_SEARCH_PATHS = (
					"$(inherited)",
					"@executable_path/Frameworks",
					"@loader_path/Frameworks",
				);
				PRODUCT_BUNDLE_IDENTIFIER = com.wlad.WorkDateUITests;
				PRODUCT_NAME = "$(TARGET_NAME)";
				SWIFT_VERSION = 5.0;
				TARGETED_DEVICE_FAMILY = "1,2";
				TEST_TARGET_NAME = WorkDate;
			};
			name = Debug;
		};
		62A9FD192621F6D5006EC5C4 /* Release */ = {
			isa = XCBuildConfiguration;
			buildSettings = {
				ALWAYS_EMBED_SWIFT_STANDARD_LIBRARIES = YES;
				CODE_SIGN_STYLE = Automatic;
				DEVELOPMENT_TEAM = 4F3Z7B359Q;
				INFOPLIST_FILE = WorkDateUITests/Info.plist;
				LD_RUNPATH_SEARCH_PATHS = (
					"$(inherited)",
					"@executable_path/Frameworks",
					"@loader_path/Frameworks",
				);
				PRODUCT_BUNDLE_IDENTIFIER = com.wlad.WorkDateUITests;
				PRODUCT_NAME = "$(TARGET_NAME)";
				SWIFT_VERSION = 5.0;
				TARGETED_DEVICE_FAMILY = "1,2";
				TEST_TARGET_NAME = WorkDate;
			};
			name = Release;
		};
/* End XCBuildConfiguration section */

/* Begin XCConfigurationList section */
		62A9FCE22621F6D3006EC5C4 /* Build configuration list for PBXProject "WorkDate" */ = {
			isa = XCConfigurationList;
			buildConfigurations = (
				62A9FD0F2621F6D5006EC5C4 /* Debug */,
				62A9FD102621F6D5006EC5C4 /* Release */,
			);
			defaultConfigurationIsVisible = 0;
			defaultConfigurationName = Release;
		};
		62A9FD112621F6D5006EC5C4 /* Build configuration list for PBXNativeTarget "WorkDate" */ = {
			isa = XCConfigurationList;
			buildConfigurations = (
				62A9FD122621F6D5006EC5C4 /* Debug */,
				62A9FD132621F6D5006EC5C4 /* Release */,
			);
			defaultConfigurationIsVisible = 0;
			defaultConfigurationName = Release;
		};
		62A9FD142621F6D5006EC5C4 /* Build configuration list for PBXNativeTarget "WorkDateTests" */ = {
			isa = XCConfigurationList;
			buildConfigurations = (
				62A9FD152621F6D5006EC5C4 /* Debug */,
				62A9FD162621F6D5006EC5C4 /* Release */,
			);
			defaultConfigurationIsVisible = 0;
			defaultConfigurationName = Release;
		};
		62A9FD172621F6D5006EC5C4 /* Build configuration list for PBXNativeTarget "WorkDateUITests" */ = {
			isa = XCConfigurationList;
			buildConfigurations = (
				62A9FD182621F6D5006EC5C4 /* Debug */,
				62A9FD192621F6D5006EC5C4 /* Release */,
			);
			defaultConfigurationIsVisible = 0;
			defaultConfigurationName = Release;
		};
/* End XCConfigurationList section */
	};
	rootObject = 62A9FCDF2621F6D3006EC5C4 /* Project object */;
}
